// !$*UTF8*$!
{
	archiveVersion = 1;
	classes = {
	};
	objectVersion = 55;
	objects = {

/* Begin PBXContainerItemProxy section */
		7CE1A2132E0222600095E675 /* PBXContainerItemProxy */ = {
			isa = PBXContainerItemProxy;
			containerPortal = 7CE1A1FD2E02225E0095E675 /* Project object */;
			proxyType = 1;
			remoteGlobalIDString = 7CE1A2042E02225E0095E675;
			remoteInfo = "food-app-swift";
		};
		7CE1A21D2E0222600095E675 /* PBXContainerItemProxy */ = {
			isa = PBXContainerItemProxy;
			containerPortal = 7CE1A1FD2E02225E0095E675 /* Project object */;
			proxyType = 1;
			remoteGlobalIDString = 7CE1A2042E02225E0095E675;
			remoteInfo = "food-app-swift";
		};
/* End PBXContainerItemProxy section */

/* Begin PBXFileReference section */
		7CE1A2052E02225E0095E675 /* food-app-swift.app */ = {isa = PBXFileReference; explicitFileType = wrapper.application; includeInIndex = 0; path = "food-app-swift.app"; sourceTree = BUILT_PRODUCTS_DIR; };
		7CE1A2122E0222600095E675 /* food-app-swiftTests.xctest */ = {isa = PBXFileReference; explicitFileType = wrapper.cfbundle; includeInIndex = 0; path = "food-app-swiftTests.xctest"; sourceTree = BUILT_PRODUCTS_DIR; };
		7CE1A21C2E0222600095E675 /* food-app-swiftUITests.xctest */ = {isa = PBXFileReference; explicitFileType = wrapper.cfbundle; includeInIndex = 0; path = "food-app-swiftUITests.xctest"; sourceTree = BUILT_PRODUCTS_DIR; };
/* End PBXFileReference section */

/* Begin PBXFileSystemSynchronizedRootGroup section */
		7CE1A2072E02225E0095E675 /* food-app-swift */ = {
			isa = PBXFileSystemSynchronizedRootGroup;
			path = "food-app-swift";
			sourceTree = "<group>";
		};
		7CE1A2152E0222600095E675 /* food-app-swiftTests */ = {
			isa = PBXFileSystemSynchronizedRootGroup;
			path = "food-app-swiftTests";
			sourceTree = "<group>";
		};
		7CE1A21F2E0222600095E675 /* food-app-swiftUITests */ = {
			isa = PBXFileSystemSynchronizedRootGroup;
			path = "food-app-swiftUITests";
			sourceTree = "<group>";
		};
/* End PBXFileSystemSynchronizedRootGroup section */

/* Begin PBXFrameworksBuildPhase section */
		7CE1A2022E02225E0095E675 /* Frameworks */ = {
			isa = PBXFrameworksBuildPhase;
			buildActionMask = 2147483647;
			files = (
			);
			runOnlyForDeploymentPostprocessing = 0;
		};
		7CE1A20F2E0222600095E675 /* Frameworks */ = {
			isa = PBXFrameworksBuildPhase;
			buildActionMask = 2147483647;
			files = (
			);
			runOnlyForDeploymentPostprocessing = 0;
		};
		7CE1A2192E0222600095E675 /* Frameworks */ = {
			isa = PBXFrameworksBuildPhase;
			buildActionMask = 2147483647;
			files = (
			);
			runOnlyForDeploymentPostprocessing = 0;
		};
/* End PBXFrameworksBuildPhase section */

/* Begin PBXGroup section */
		7CE1A1FC2E02225E0095E675 = {
			isa = PBXGroup;
			children = (
				7CE1A2072E02225E0095E675 /* food-app-swift */,
				7CE1A2152E0222600095E675 /* food-app-swiftTests */,
				7CE1A21F2E0222600095E675 /* food-app-swiftUITests */,
				7CE1A2062E02225E0095E675 /* Products */,
			);
			sourceTree = "<group>";
		};
		7CE1A2062E02225E0095E675 /* Products */ = {
			isa = PBXGroup;
			children = (
				7CE1A2052E02225E0095E675 /* food-app-swift.app */,
				7CE1A2122E0222600095E675 /* food-app-swiftTests.xctest */,
				7CE1A21C2E0222600095E675 /* food-app-swiftUITests.xctest */,
			);
			name = Products;
			sourceTree = "<group>";
		};
/* End PBXGroup section */

/* Begin PBXNativeTarget section */
		7CE1A2042E02225E0095E675 /* food-app-swift */ = {
			isa = PBXNativeTarget;
			buildConfigurationList = 7CE1A2262E0222600095E675 /* Build configuration list for PBXNativeTarget "food-app-swift" */;
			buildPhases = (
				7CE1A2012E02225E0095E675 /* Sources */,
				7CE1A2022E02225E0095E675 /* Frameworks */,
				7CE1A2032E02225E0095E675 /* Resources */,
			);
			buildRules = (
			);
			dependencies = (
			);
			fileSystemSynchronizedGroups = (
				7CE1A2072E02225E0095E675 /* food-app-swift */,
			);
			name = "food-app-swift";
			packageProductDependencies = (
			);
			productName = "food-app-swift";
			productReference = 7CE1A2052E02225E0095E675 /* food-app-swift.app */;
			productType = "com.apple.product-type.application";
		};
		7CE1A2112E0222600095E675 /* food-app-swiftTests */ = {
			isa = PBXNativeTarget;
			buildConfigurationList = 7CE1A2292E0222600095E675 /* Build configuration list for PBXNativeTarget "food-app-swiftTests" */;
			buildPhases = (
				7CE1A20E2E0222600095E675 /* Sources */,
				7CE1A20F2E0222600095E675 /* Frameworks */,
				7CE1A2102E0222600095E675 /* Resources */,
			);
			buildRules = (
			);
			dependencies = (
				7CE1A2142E0222600095E675 /* PBXTargetDependency */,
			);
			fileSystemSynchronizedGroups = (
				7CE1A2152E0222600095E675 /* food-app-swiftTests */,
			);
			name = "food-app-swiftTests";
			packageProductDependencies = (
			);
			productName = "food-app-swiftTests";
			productReference = 7CE1A2122E0222600095E675 /* food-app-swiftTests.xctest */;
			productType = "com.apple.product-type.bundle.unit-test";
		};
		7CE1A21B2E0222600095E675 /* food-app-swiftUITests */ = {
			isa = PBXNativeTarget;
			buildConfigurationList = 7CE1A22C2E0222600095E675 /* Build configuration list for PBXNativeTarget "food-app-swiftUITests" */;
			buildPhases = (
				7CE1A2182E0222600095E675 /* Sources */,
				7CE1A2192E0222600095E675 /* Frameworks */,
				7CE1A21A2E0222600095E675 /* Resources */,
			);
			buildRules = (
			);
			dependencies = (
				7CE1A21E2E0222600095E675 /* PBXTargetDependency */,
			);
			fileSystemSynchronizedGroups = (
				7CE1A21F2E0222600095E675 /* food-app-swiftUITests */,
			);
			name = "food-app-swiftUITests";
			packageProductDependencies = (
			);
			productName = "food-app-swiftUITests";
			productReference = 7CE1A21C2E0222600095E675 /* food-app-swiftUITests.xctest */;
			productType = "com.apple.product-type.bundle.ui-testing";
		};
/* End PBXNativeTarget section */

/* Begin PBXProject section */
		7CE1A1FD2E02225E0095E675 /* Project object */ = {
			isa = PBXProject;
			attributes = {
				BuildIndependentTargetsInParallel = 1;
				LastSwiftUpdateCheck = 1400;
				LastUpgradeCheck = 1400;
				TargetAttributes = {
					7CE1A2042E02225E0095E675 = {
						CreatedOnToolsVersion = 14.0;
					};
					7CE1A2112E0222600095E675 = {
						CreatedOnToolsVersion = 14.0;
						TestTargetID = 7CE1A2042E02225E0095E675;
					};
					7CE1A21B2E0222600095E675 = {
						CreatedOnToolsVersion = 14.0;
						TestTargetID = 7CE1A2042E02225E0095E675;
					};
				};
			};
			buildConfigurationList = 7CE1A2002E02225E0095E675 /* Build configuration list for PBXProject "food-app-swift" */;
			developmentRegion = en;
			hasScannedForEncodings = 0;
			knownRegions = (
				en,
				Base,
			);
			mainGroup = 7CE1A1FC2E02225E0095E675;
			minimizedProjectReferenceProxies = 1;
			preferredProjectObjectVersion = 55;
			productRefGroup = 7CE1A2062E02225E0095E675 /* Products */;
			projectDirPath = "";
			projectRoot = "";
			targets = (
				7CE1A2042E02225E0095E675 /* food-app-swift */,
				7CE1A2112E0222600095E675 /* food-app-swiftTests */,
				7CE1A21B2E0222600095E675 /* food-app-swiftUITests */,
			);
		};
/* End PBXProject section */

/* Begin PBXResourcesBuildPhase section */
		7CE1A2032E02225E0095E675 /* Resources */ = {
			isa = PBXResourcesBuildPhase;
			buildActionMask = 2147483647;
			files = (
			);
			runOnlyForDeploymentPostprocessing = 0;
		};
		7CE1A2102E0222600095E675 /* Resources */ = {
			isa = PBXResourcesBuildPhase;
			buildActionMask = 2147483647;
			files = (
			);
			runOnlyForDeploymentPostprocessing = 0;
		};
		7CE1A21A2E0222600095E675 /* Resources */ = {
			isa = PBXResourcesBuildPhase;
			buildActionMask = 2147483647;
			files = (
			);
			runOnlyForDeploymentPostprocessing = 0;
		};
/* End PBXResourcesBuildPhase section */

/* Begin PBXSourcesBuildPhase section */
		7CE1A2012E02225E0095E675 /* Sources */ = {
			isa = PBXSourcesBuildPhase;
			buildActionMask = 2147483647;
			files = (
			);
			runOnlyForDeploymentPostprocessing = 0;
		};
		7CE1A20E2E0222600095E675 /* Sources */ = {
			isa = PBXSourcesBuildPhase;
			buildActionMask = 2147483647;
			files = (
			);
			runOnlyForDeploymentPostprocessing = 0;
		};
		7CE1A2182E0222600095E675 /* Sources */ = {
			isa = PBXSourcesBuildPhase;
			buildActionMask = 2147483647;
			files = (
			);
			runOnlyForDeploymentPostprocessing = 0;
		};
/* End PBXSourcesBuildPhase section */

/* Begin PBXTargetDependency section */
		7CE1A2142E0222600095E675 /* PBXTargetDependency */ = {
			isa = PBXTargetDependency;
			target = 7CE1A2042E02225E0095E675 /* food-app-swift */;
			targetProxy = 7CE1A2132E0222600095E675 /* PBXContainerItemProxy */;
		};
		7CE1A21E2E0222600095E675 /* PBXTargetDependency */ = {
			isa = PBXTargetDependency;
			target = 7CE1A2042E02225E0095E675 /* food-app-swift */;
			targetProxy = 7CE1A21D2E0222600095E675 /* PBXContainerItemProxy */;
		};
/* End PBXTargetDependency section */

/* Begin XCBuildConfiguration section */
		7CE1A2242E0222600095E675 /* Debug */ = {
			isa = XCBuildConfiguration;
			buildSettings = {
				ALWAYS_SEARCH_USER_PATHS = NO;
				ASSETCATALOG_COMPILER_GENERATE_SWIFT_ASSET_SYMBOL_EXTENSIONS = YES;
				CLANG_ANALYZER_NONNULL = YES;
				CLANG_ANALYZER_NUMBER_OBJECT_CONVERSION = YES_AGGRESSIVE;
				CLANG_CXX_LANGUAGE_STANDARD = "gnu++20";
				CLANG_ENABLE_MODULES = YES;
				CLANG_ENABLE_OBJC_ARC = YES;
				CLANG_ENABLE_OBJC_WEAK = YES;
				CLANG_WARN_BLOCK_CAPTURE_AUTORELEASING = YES;
				CLANG_WARN_BOOL_CONVERSION = YES;
				CLANG_WARN_COMMA = YES;
				CLANG_WARN_CONSTANT_CONVERSION = YES;
				CLANG_WARN_DEPRECATED_OBJC_IMPLEMENTATIONS = YES;
				CLANG_WARN_DIRECT_OBJC_ISA_USAGE = YES_ERROR;
				CLANG_WARN_DOCUMENTATION_COMMENTS = YES;
				CLANG_WARN_EMPTY_BODY = YES;
				CLANG_WARN_ENUM_CONVERSION = YES;
				CLANG_WARN_INFINITE_RECURSION = YES;
				CLANG_WARN_INT_CONVERSION = YES;
				CLANG_WARN_NON_LITERAL_NULL_CONVERSION = YES;
				CLANG_WARN_OBJC_IMPLICIT_RETAIN_SELF = YES;
				CLANG_WARN_OBJC_LITERAL_CONVERSION = YES;
				CLANG_WARN_OBJC_ROOT_CLASS = YES_ERROR;
				CLANG_WARN_QUOTED_INCLUDE_IN_FRAMEWORK_HEADER = YES;
				CLANG_WARN_RANGE_LOOP_ANALYSIS = YES;
				CLANG_WARN_STRICT_PROTOTYPES = YES;
				CLANG_WARN_SUSPICIOUS_MOVE = YES;
				CLANG_WARN_UNGUARDED_AVAILABILITY = YES_AGGRESSIVE;
				CLANG_WARN_UNREACHABLE_CODE = YES;
				CLANG_WARN__DUPLICATE_METHOD_MATCH = YES;
				COPY_PHASE_STRIP = NO;
				DEBUG_INFORMATION_FORMAT = dwarf;
				DEVELOPMENT_TEAM = 2X428LHR67;
				ENABLE_STRICT_OBJC_MSGSEND = YES;
				ENABLE_TESTABILITY = YES;
				ENABLE_USER_SCRIPT_SANDBOXING = YES;
				GCC_C_LANGUAGE_STANDARD = gnu17;
				GCC_DYNAMIC_NO_PIC = NO;
				GCC_NO_COMMON_BLOCKS = YES;
				GCC_OPTIMIZATION_LEVEL = 0;
				GCC_PREPROCESSOR_DEFINITIONS = (
					"DEBUG=1",
					"$(inherited)",
				);
				GCC_WARN_64_TO_32_BIT_CONVERSION = YES;
				GCC_WARN_ABOUT_RETURN_TYPE = YES_ERROR;
				GCC_WARN_UNDECLARED_SELECTOR = YES;
				GCC_WARN_UNINITIALIZED_AUTOS = YES_AGGRESSIVE;
				GCC_WARN_UNUSED_FUNCTION = YES;
				GCC_WARN_UNUSED_VARIABLE = YES;
				IPHONEOS_DEPLOYMENT_TARGET = 16.0;
				LOCALIZATION_PREFERS_STRING_CATALOGS = YES;
				MTL_ENABLE_DEBUG_INFO = INCLUDE_SOURCE;
				MTL_FAST_MATH = YES;
				ONLY_ACTIVE_ARCH = YES;
				SDKROOT = iphoneos;
				SWIFT_ACTIVE_COMPILATION_CONDITIONS = "DEBUG $(inherited)";
				SWIFT_OPTIMIZATION_LEVEL = "-Onone";
			};
			name = Debug;
		};
		7CE1A2252E0222600095E675 /* Release */ = {
			isa = XCBuildConfiguration;
			buildSettings = {
				ALWAYS_SEARCH_USER_PATHS = NO;
				ASSETCATALOG_COMPILER_GENERATE_SWIFT_ASSET_SYMBOL_EXTENSIONS = YES;
				CLANG_ANALYZER_NONNULL = YES;
				CLANG_ANALYZER_NUMBER_OBJECT_CONVERSION = YES_AGGRESSIVE;
				CLANG_CXX_LANGUAGE_STANDARD = "gnu++20";
				CLANG_ENABLE_MODULES = YES;
				CLANG_ENABLE_OBJC_ARC = YES;
				CLANG_ENABLE_OBJC_WEAK = YES;
				CLANG_WARN_BLOCK_CAPTURE_AUTORELEASING = YES;
				CLANG_WARN_BOOL_CONVERSION = YES;
				CLANG_WARN_COMMA = YES;
				CLANG_WARN_CONSTANT_CONVERSION = YES;
				CLANG_WARN_DEPRECATED_OBJC_IMPLEMENTATIONS = YES;
				CLANG_WARN_DIRECT_OBJC_ISA_USAGE = YES_ERROR;
				CLANG_WARN_DOCUMENTATION_COMMENTS = YES;
				CLANG_WARN_EMPTY_BODY = YES;
				CLANG_WARN_ENUM_CONVERSION = YES;
				CLANG_WARN_INFINITE_RECURSION = YES;
				CLANG_WARN_INT_CONVERSION = YES;
				CLANG_WARN_NON_LITERAL_NULL_CONVERSION = YES;
				CLANG_WARN_OBJC_IMPLICIT_RETAIN_SELF = YES;
				CLANG_WARN_OBJC_LITERAL_CONVERSION = YES;
				CLANG_WARN_OBJC_ROOT_CLASS = YES_ERROR;
				CLANG_WARN_QUOTED_INCLUDE_IN_FRAMEWORK_HEADER = YES;
				CLANG_WARN_RANGE_LOOP_ANALYSIS = YES;
				CLANG_WARN_STRICT_PROTOTYPES = YES;
				CLANG_WARN_SUSPICIOUS_MOVE = YES;
				CLANG_WARN_UNGUARDED_AVAILABILITY = YES_AGGRESSIVE;
				CLANG_WARN_UNREACHABLE_CODE = YES;
				CLANG_WARN__DUPLICATE_METHOD_MATCH = YES;
				COPY_PHASE_STRIP = NO;
				DEBUG_INFORMATION_FORMAT = "dwarf-with-dsym";
				DEVELOPMENT_TEAM = 2X428LHR67;
				ENABLE_NS_ASSERTIONS = NO;
				ENABLE_STRICT_OBJC_MSGSEND = YES;
				ENABLE_USER_SCRIPT_SANDBOXING = YES;
				GCC_C_LANGUAGE_STANDARD = gnu17;
				GCC_NO_COMMON_BLOCKS = YES;
				GCC_WARN_64_TO_32_BIT_CONVERSION = YES;
				GCC_WARN_ABOUT_RETURN_TYPE = YES_ERROR;
				GCC_WARN_UNDECLARED_SELECTOR = YES;
				GCC_WARN_UNINITIALIZED_AUTOS = YES_AGGRESSIVE;
				GCC_WARN_UNUSED_FUNCTION = YES;
				GCC_WARN_UNUSED_VARIABLE = YES;
				IPHONEOS_DEPLOYMENT_TARGET = 16.0;
				LOCALIZATION_PREFERS_STRING_CATALOGS = YES;
				MTL_ENABLE_DEBUG_INFO = NO;
				MTL_FAST_MATH = YES;
				SDKROOT = iphoneos;
				SWIFT_COMPILATION_MODE = wholemodule;
				VALIDATE_PRODUCT = YES;
			};
			name = Release;
		};
		7CE1A2272E0222600095E675 /* Debug */ = {
			isa = XCBuildConfiguration;
			buildSettings = {
				ASSETCATALOG_COMPILER_APPICON_NAME = AppIcon;
				ASSETCATALOG_COMPILER_GLOBAL_ACCENT_COLOR_NAME = AccentColor;
				CODE_SIGN_STYLE = Automatic;
				CURRENT_PROJECT_VERSION = 1;
				DEVELOPMENT_TEAM = 2X428LHR67;
				ENABLE_PREVIEWS = YES;
				GENERATE_INFOPLIST_FILE = YES;
				INFOPLIST_FILE = "";
				INFOPLIST_KEY_NSCameraUsageDescription = "NutriSnap needs camera access to take photos of your meals for nutrition analysis.";
				INFOPLIST_KEY_NSPhotoLibraryUsageDescription = "NutriSnap needs photo library access to let you select meal photos for nutrition analysis.";
				INFOPLIST_KEY_UIApplicationSceneManifest_Generation = YES;
				INFOPLIST_KEY_UIApplicationSupportsIndirectInputEvents = YES;
				INFOPLIST_KEY_UILaunchScreen_Generation = YES;
				INFOPLIST_KEY_UISupportedInterfaceOrientations_iPad = "UIInterfaceOrientationPortrait UIInterfaceOrientationPortraitUpsideDown UIInterfaceOrientationLandscapeLeft UIInterfaceOrientationLandscapeRight";
				INFOPLIST_KEY_UISupportedInterfaceOrientations_iPhone = "UIInterfaceOrientationPortrait UIInterfaceOrientationLandscapeLeft UIInterfaceOrientationLandscapeRight";
				LD_RUNPATH_SEARCH_PATHS = (
					"$(inherited)",
					"@executable_path/Frameworks",
				);
				MARKETING_VERSION = 1.0;
				PRODUCT_BUNDLE_IDENTIFIER = "com.food-app.food-app-swift";
				PRODUCT_NAME = "$(TARGET_NAME)";
				SWIFT_EMIT_LOC_STRINGS = YES;
				SWIFT_VERSION = 5.0;
				TARGETED_DEVICE_FAMILY = "1,2";
			};
			name = Debug;
		};
		7CE1A2282E0222600095E675 /* Release */ = {
			isa = XCBuildConfiguration;
			buildSettings = {
				ASSETCATALOG_COMPILER_APPICON_NAME = AppIcon;
				ASSETCATALOG_COMPILER_GLOBAL_ACCENT_COLOR_NAME = AccentColor;
				CODE_SIGN_STYLE = Automatic;
				CURRENT_PROJECT_VERSION = 1;
				DEVELOPMENT_TEAM = 2X428LHR67;
				ENABLE_PREVIEWS = YES;
				GENERATE_INFOPLIST_FILE = YES;
				INFOPLIST_FILE = "";
				INFOPLIST_KEY_NSCameraUsageDescription = "NutriSnap needs camera access to take photos of your meals for nutrition analysis.";
				INFOPLIST_KEY_NSPhotoLibraryUsageDescription = "NutriSnap needs photo library access to let you select meal photos for nutrition analysis.";
				INFOPLIST_KEY_UIApplicationSceneManifest_Generation = YES;
				INFOPLIST_KEY_UIApplicationSupportsIndirectInputEvents = YES;
				INFOPLIST_KEY_UILaunchScreen_Generation = YES;
				INFOPLIST_KEY_UISupportedInterfaceOrientations_iPad = "UIInterfaceOrientationPortrait UIInterfaceOrientationPortraitUpsideDown UIInterfaceOrientationLandscapeLeft UIInterfaceOrientationLandscapeRight";
				INFOPLIST_KEY_UISupportedInterfaceOrientations_iPhone = "UIInterfaceOrientationPortrait UIInterfaceOrientationLandscapeLeft UIInterfaceOrientationLandscapeRight";
				LD_RUNPATH_SEARCH_PATHS = (
					"$(inherited)",
					"@executable_path/Frameworks",
				);
				MARKETING_VERSION = 1.0;
				PRODUCT_BUNDLE_IDENTIFIER = "com.food-app.food-app-swift";
				PRODUCT_NAME = "$(TARGET_NAME)";
				SWIFT_EMIT_LOC_STRINGS = YES;
				SWIFT_VERSION = 5.0;
				TARGETED_DEVICE_FAMILY = "1,2";
			};
			name = Release;
		};
		7CE1A22A2E0222600095E675 /* Debug */ = {
			isa = XCBuildConfiguration;
			buildSettings = {
				BUNDLE_LOADER = "$(TEST_HOST)";
				CODE_SIGN_STYLE = Automatic;
				CURRENT_PROJECT_VERSION = 1;
				DEVELOPMENT_TEAM = 2X428LHR67;
				GENERATE_INFOPLIST_FILE = YES;
				IPHONEOS_DEPLOYMENT_TARGET = 16.0;
				MARKETING_VERSION = 1.0;
				PRODUCT_BUNDLE_IDENTIFIER = "com.food-app.food-app-swiftTests";
				PRODUCT_NAME = "$(TARGET_NAME)";
				SWIFT_EMIT_LOC_STRINGS = NO;
				SWIFT_VERSION = 5.0;
				TARGETED_DEVICE_FAMILY = "1,2";
				TEST_HOST = "$(BUILT_PRODUCTS_DIR)/food-app-swift.app/$(BUNDLE_EXECUTABLE_FOLDER_PATH)/food-app-swift";
			};
			name = Debug;
		};
		7CE1A22B2E0222600095E675 /* Release */ = {
			isa = XCBuildConfiguration;
			buildSettings = {
				BUNDLE_LOADER = "$(TEST_HOST)";
				CODE_SIGN_STYLE = Automatic;
				CURRENT_PROJECT_VERSION = 1;
				DEVELOPMENT_TEAM = 2X428LHR67;
				GENERATE_INFOPLIST_FILE = YES;
				IPHONEOS_DEPLOYMENT_TARGET = 16.0;
				MARKETING_VERSION = 1.0;
				PRODUCT_BUNDLE_IDENTIFIER = "com.food-app.food-app-swiftTests";
				PRODUCT_NAME = "$(TARGET_NAME)";
				SWIFT_EMIT_LOC_STRINGS = NO;
				SWIFT_VERSION = 5.0;
				TARGETED_DEVICE_FAMILY = "1,2";
				TEST_HOST = "$(BUILT_PRODUCTS_DIR)/food-app-swift.app/$(BUNDLE_EXECUTABLE_FOLDER_PATH)/food-app-swift";
			};
			name = Release;
		};
		7CE1A22D2E0222600095E675 /* Debug */ = {
			isa = XCBuildConfiguration;
			buildSettings = {
				CODE_SIGN_STYLE = Automatic;
				CURRENT_PROJECT_VERSION = 1;
				DEVELOPMENT_TEAM = 2X428LHR67;
				GENERATE_INFOPLIST_FILE = YES;
				MARKETING_VERSION = 1.0;
				PRODUCT_BUNDLE_IDENTIFIER = "com.food-app.food-app-swiftUITests";
				PRODUCT_NAME = "$(TARGET_NAME)";
				SWIFT_EMIT_LOC_STRINGS = NO;
				SWIFT_VERSION = 5.0;
				TARGETED_DEVICE_FAMILY = "1,2";
				TEST_TARGET_NAME = "food-app-swift";
			};
			name = Debug;
		};
		7CE1A22E2E0222600095E675 /* Release */ = {
			isa = XCBuildConfiguration;
			buildSettings = {
				CODE_SIGN_STYLE = Automatic;
				CURRENT_PROJECT_VERSION = 1;
				DEVELOPMENT_TEAM = 2X428LHR67;
				GENERATE_INFOPLIST_FILE = YES;
				MARKETING_VERSION = 1.0;
				PRODUCT_BUNDLE_IDENTIFIER = "com.food-app.food-app-swiftUITests";
				PRODUCT_NAME = "$(TARGET_NAME)";
				SWIFT_EMIT_LOC_STRINGS = NO;
				SWIFT_VERSION = 5.0;
				TARGETED_DEVICE_FAMILY = "1,2";
				TEST_TARGET_NAME = "food-app-swift";
			};
			name = Release;
		};
/* End XCBuildConfiguration section */

/* Begin XCConfigurationList section */
		7CE1A2002E02225E0095E675 /* Build configuration list for PBXProject "food-app-swift" */ = {
			isa = XCConfigurationList;
			buildConfigurations = (
				7CE1A2242E0222600095E675 /* Debug */,
				7CE1A2252E0222600095E675 /* Release */,
			);
			defaultConfigurationIsVisible = 0;
			defaultConfigurationName = Release;
		};
		7CE1A2262E0222600095E675 /* Build configuration list for PBXNativeTarget "food-app-swift" */ = {
			isa = XCConfigurationList;
			buildConfigurations = (
				7CE1A2272E0222600095E675 /* Debug */,
				7CE1A2282E0222600095E675 /* Release */,
			);
			defaultConfigurationIsVisible = 0;
			defaultConfigurationName = Release;
		};
		7CE1A2292E0222600095E675 /* Build configuration list for PBXNativeTarget "food-app-swiftTests" */ = {
			isa = XCConfigurationList;
			buildConfigurations = (
				7CE1A22A2E0222600095E675 /* Debug */,
				7CE1A22B2E0222600095E675 /* Release */,
			);
			defaultConfigurationIsVisible = 0;
			defaultConfigurationName = Release;
		};
		7CE1A22C2E0222600095E675 /* Build configuration list for PBXNativeTarget "food-app-swiftUITests" */ = {
			isa = XCConfigurationList;
			buildConfigurations = (
				7CE1A22D2E0222600095E675 /* Debug */,
				7CE1A22E2E0222600095E675 /* Release */,
			);
			defaultConfigurationIsVisible = 0;
			defaultConfigurationName = Release;
		};
/* End XCConfigurationList section */
	};
	rootObject = 7CE1A1FD2E02225E0095E675 /* Project object */;
}
